
Microsoft Visual Studio Solution File, Format Version 12.00
# Visual Studio 15
VisualStudioVersion = 15.0.27703.2000
MinimumVisualStudioVersion = 10.0.40219.1
Project("{FAE04EC0-301F-11D3-BF4B-00C04F79EFBC}") = "ThreadPool.RegisterWaitForSingleObject.Example.Tests", "tests\ThreadPool.RegisterWaitForSingleObject.Example.Tests\ThreadPool.RegisterWaitForSingleObject.Example.Tests.csproj", "{5E2B0D0E-EEB2-4990-9E54-4AF02F909FB7}"
EndProject
Global
	GlobalSection(SolutionConfigurationPlatforms) = preSolution
		Debug|Any CPU = Debug|Any CPU
		Release|Any CPU = Release|Any CPU
	EndGlobalSection
	GlobalSection(ProjectConfigurationPlatforms) = postSolution
		{5E2B0D0E-EEB2-4990-9E54-4AF02F909FB7}.Debug|Any CPU.ActiveCfg = Debug|Any CPU
		{5E2B0D0E-EEB2-4990-9E54-4AF02F909FB7}.Debug|Any CPU.Build.0 = Debug|Any CPU
		{5E2B0D0E-EEB2-4990-9E54-4AF02F909FB7}.Release|Any CPU.ActiveCfg = Release|Any CPU
		{5E2B0D0E-EEB2-4990-9E54-4AF02F909FB7}.Release|Any CPU.Build.0 = Release|Any CPU
	EndGlobalSection
	GlobalSection(SolutionProperties) = preSolution
		HideSolutionNode = FALSE
	EndGlobalSection
	GlobalSection(ExtensibilityGlobals) = postSolution
		SolutionGuid = {20ACE90E-11AF-4EDD-98E5-CEEDA80E3798}
	EndGlobalSection
EndGlobal
